// !$*UTF8*$!
{
	archiveVersion = 1;
	classes = {
	};
	objectVersion = 50;
	objects = {

/* Begin PBXBuildFile section */
		20050D78208EA7C200481462 /* AppDelegate.swift in Sources */ = {isa = PBXBuildFile; fileRef = 20050D77208EA7C200481462 /* AppDelegate.swift */; };
		20050D7A208EA7C200481462 /* ViewController.swift in Sources */ = {isa = PBXBuildFile; fileRef = 20050D79208EA7C200481462 /* ViewController.swift */; };
		20050D7D208EA7C200481462 /* Main.storyboard in Resources */ = {isa = PBXBuildFile; fileRef = 20050D7B208EA7C200481462 /* Main.storyboard */; };
		20050D7F208EA7C300481462 /* Assets.xcassets in Resources */ = {isa = PBXBuildFile; fileRef = 20050D7E208EA7C300481462 /* Assets.xcassets */; };
		20050D82208EA7C300481462 /* LaunchScreen.storyboard in Resources */ = {isa = PBXBuildFile; fileRef = 20050D80208EA7C300481462 /* LaunchScreen.storyboard */; };
		20050D89208EA8DF00481462 /* MapKit.framework in Frameworks */ = {isa = PBXBuildFile; fileRef = 20050D88208EA8DF00481462 /* MapKit.framework */; };
		2012A27D208EA4BC00262AAF /* AppDelegate.swift in Sources */ = {isa = PBXBuildFile; fileRef = 2012A27C208EA4BC00262AAF /* AppDelegate.swift */; };
		2012A27F208EA4BC00262AAF /* ViewController.swift in Sources */ = {isa = PBXBuildFile; fileRef = 2012A27E208EA4BC00262AAF /* ViewController.swift */; };
		2012A282208EA4BC00262AAF /* Main.storyboard in Resources */ = {isa = PBXBuildFile; fileRef = 2012A280208EA4BC00262AAF /* Main.storyboard */; };
		2012A284208EA4BD00262AAF /* Assets.xcassets in Resources */ = {isa = PBXBuildFile; fileRef = 2012A283208EA4BD00262AAF /* Assets.xcassets */; };
		2012A287208EA4BD00262AAF /* LaunchScreen.storyboard in Resources */ = {isa = PBXBuildFile; fileRef = 2012A285208EA4BD00262AAF /* LaunchScreen.storyboard */; };
		205050C020914D070046914D /* AppDelegate.swift in Sources */ = {isa = PBXBuildFile; fileRef = 205050BF20914D070046914D /* AppDelegate.swift */; };
		205050C220914D070046914D /* ViewController.swift in Sources */ = {isa = PBXBuildFile; fileRef = 205050C120914D070046914D /* ViewController.swift */; };
		205050C520914D070046914D /* Main.storyboard in Resources */ = {isa = PBXBuildFile; fileRef = 205050C320914D070046914D /* Main.storyboard */; };
		205050C720914D350046914D /* Assets.xcassets in Resources */ = {isa = PBXBuildFile; fileRef = 205050C620914D350046914D /* Assets.xcassets */; };
		205050CA20914D350046914D /* LaunchScreen.storyboard in Resources */ = {isa = PBXBuildFile; fileRef = 205050C820914D350046914D /* LaunchScreen.storyboard */; };
		208659C9208FF4FE00D199B0 /* AppDelegate.swift in Sources */ = {isa = PBXBuildFile; fileRef = 208659C8208FF4FE00D199B0 /* AppDelegate.swift */; };
		208659CB208FF4FE00D199B0 /* ViewController.swift in Sources */ = {isa = PBXBuildFile; fileRef = 208659CA208FF4FE00D199B0 /* ViewController.swift */; };
		208659CE208FF4FE00D199B0 /* Main.storyboard in Resources */ = {isa = PBXBuildFile; fileRef = 208659CC208FF4FE00D199B0 /* Main.storyboard */; };
		208659D0208FF4FF00D199B0 /* Assets.xcassets in Resources */ = {isa = PBXBuildFile; fileRef = 208659CF208FF4FF00D199B0 /* Assets.xcassets */; };
		208659D3208FF4FF00D199B0 /* LaunchScreen.storyboard in Resources */ = {isa = PBXBuildFile; fileRef = 208659D1208FF4FF00D199B0 /* LaunchScreen.storyboard */; };
		208659DA208FF8FE00D199B0 /* SettingViewController.swift in Sources */ = {isa = PBXBuildFile; fileRef = 208659D9208FF8FE00D199B0 /* SettingViewController.swift */; };
		20EEE4AF208EB06C002C7028 /* AppDelegate.swift in Sources */ = {isa = PBXBuildFile; fileRef = 20EEE4AE208EB06C002C7028 /* AppDelegate.swift */; };
		20EEE4B1208EB06C002C7028 /* ViewController.swift in Sources */ = {isa = PBXBuildFile; fileRef = 20EEE4B0208EB06C002C7028 /* ViewController.swift */; };
		20EEE4B4208EB06C002C7028 /* Main.storyboard in Resources */ = {isa = PBXBuildFile; fileRef = 20EEE4B2208EB06C002C7028 /* Main.storyboard */; };
		20EEE4B6208EB06D002C7028 /* Assets.xcassets in Resources */ = {isa = PBXBuildFile; fileRef = 20EEE4B5208EB06D002C7028 /* Assets.xcassets */; };
		20EEE4B9208EB06D002C7028 /* LaunchScreen.storyboard in Resources */ = {isa = PBXBuildFile; fileRef = 20EEE4B7208EB06D002C7028 /* LaunchScreen.storyboard */; };
/* End PBXBuildFile section */

/* Begin PBXFileReference section */
		20050D75208EA7C200481462 /* SampleMap.app */ = {isa = PBXFileReference; explicitFileType = wrapper.application; includeInIndex = 0; path = SampleMap.app; sourceTree = BUILT_PRODUCTS_DIR; };
		20050D77208EA7C200481462 /* AppDelegate.swift */ = {isa = PBXFileReference; lastKnownFileType = sourcecode.swift; path = AppDelegate.swift; sourceTree = "<group>"; };
		20050D79208EA7C200481462 /* ViewController.swift */ = {isa = PBXFileReference; lastKnownFileType = sourcecode.swift; path = ViewController.swift; sourceTree = "<group>"; };
		20050D7C208EA7C200481462 /* Base */ = {isa = PBXFileReference; lastKnownFileType = file.storyboard; name = Base; path = Base.lproj/Main.storyboard; sourceTree = "<group>"; };
		20050D7E208EA7C300481462 /* Assets.xcassets */ = {isa = PBXFileReference; lastKnownFileType = folder.assetcatalog; path = Assets.xcassets; sourceTree = "<group>"; };
		20050D81208EA7C300481462 /* Base */ = {isa = PBXFileReference; lastKnownFileType = file.storyboard; name = Base; path = Base.lproj/LaunchScreen.storyboard; sourceTree = "<group>"; };
		20050D83208EA7C300481462 /* Info.plist */ = {isa = PBXFileReference; lastKnownFileType = text.plist.xml; path = Info.plist; sourceTree = "<group>"; };
		20050D88208EA8DF00481462 /* MapKit.framework */ = {isa = PBXFileReference; lastKnownFileType = wrapper.framework; name = MapKit.framework; path = System/Library/Frameworks/MapKit.framework; sourceTree = SDKROOT; };
		20050D8A208EA8F800481462 /* README.md */ = {isa = PBXFileReference; lastKnownFileType = net.daringfireball.markdown; path = README.md; sourceTree = "<group>"; };
		20050D8B208EA95E00481462 /* .gitignore */ = {isa = PBXFileReference; lastKnownFileType = text; path = .gitignore; sourceTree = "<group>"; };
		2012A279208EA4BC00262AAF /* escitalopram.app */ = {isa = PBXFileReference; explicitFileType = wrapper.application; includeInIndex = 0; path = escitalopram.app; sourceTree = BUILT_PRODUCTS_DIR; };
		2012A27C208EA4BC00262AAF /* AppDelegate.swift */ = {isa = PBXFileReference; lastKnownFileType = sourcecode.swift; path = AppDelegate.swift; sourceTree = "<group>"; };
		2012A27E208EA4BC00262AAF /* ViewController.swift */ = {isa = PBXFileReference; lastKnownFileType = sourcecode.swift; path = ViewController.swift; sourceTree = "<group>"; };
		2012A281208EA4BC00262AAF /* Base */ = {isa = PBXFileReference; lastKnownFileType = file.storyboard; name = Base; path = Base.lproj/Main.storyboard; sourceTree = "<group>"; };
		2012A283208EA4BD00262AAF /* Assets.xcassets */ = {isa = PBXFileReference; lastKnownFileType = folder.assetcatalog; path = Assets.xcassets; sourceTree = "<group>"; };
		2012A286208EA4BD00262AAF /* Base */ = {isa = PBXFileReference; lastKnownFileType = file.storyboard; name = Base; path = Base.lproj/LaunchScreen.storyboard; sourceTree = "<group>"; };
		2012A288208EA4BD00262AAF /* Info.plist */ = {isa = PBXFileReference; lastKnownFileType = text.plist.xml; path = Info.plist; sourceTree = "<group>"; };
		2025827920915E3B00477B72 /* README.md */ = {isa = PBXFileReference; lastKnownFileType = net.daringfireball.markdown; path = README.md; sourceTree = "<group>"; };
		205050BD20914D050046914D /* SampleSunriseTimeSearch.app */ = {isa = PBXFileReference; explicitFileType = wrapper.application; includeInIndex = 0; path = SampleSunriseTimeSearch.app; sourceTree = BUILT_PRODUCTS_DIR; };
		205050BF20914D070046914D /* AppDelegate.swift */ = {isa = PBXFileReference; lastKnownFileType = sourcecode.swift; path = AppDelegate.swift; sourceTree = "<group>"; };
		205050C120914D070046914D /* ViewController.swift */ = {isa = PBXFileReference; lastKnownFileType = sourcecode.swift; path = ViewController.swift; sourceTree = "<group>"; };
		205050C420914D070046914D /* Base */ = {isa = PBXFileReference; lastKnownFileType = file.storyboard; name = Base; path = Base.lproj/Main.storyboard; sourceTree = "<group>"; };
		205050C620914D350046914D /* Assets.xcassets */ = {isa = PBXFileReference; lastKnownFileType = folder.assetcatalog; path = Assets.xcassets; sourceTree = "<group>"; };
		205050C920914D350046914D /* Base */ = {isa = PBXFileReference; lastKnownFileType = file.storyboard; name = Base; path = Base.lproj/LaunchScreen.storyboard; sourceTree = "<group>"; };
		205050CB20914D350046914D /* Info.plist */ = {isa = PBXFileReference; lastKnownFileType = text.plist.xml; path = Info.plist; sourceTree = "<group>"; };
		208659C6208FF4FE00D199B0 /* SampleTimer.app */ = {isa = PBXFileReference; explicitFileType = wrapper.application; includeInIndex = 0; path = SampleTimer.app; sourceTree = BUILT_PRODUCTS_DIR; };
		208659C8208FF4FE00D199B0 /* AppDelegate.swift */ = {isa = PBXFileReference; lastKnownFileType = sourcecode.swift; path = AppDelegate.swift; sourceTree = "<group>"; };
		208659CA208FF4FE00D199B0 /* ViewController.swift */ = {isa = PBXFileReference; lastKnownFileType = sourcecode.swift; path = ViewController.swift; sourceTree = "<group>"; };
		208659CD208FF4FE00D199B0 /* Base */ = {isa = PBXFileReference; lastKnownFileType = file.storyboard; name = Base; path = Base.lproj/Main.storyboard; sourceTree = "<group>"; };
		208659CF208FF4FF00D199B0 /* Assets.xcassets */ = {isa = PBXFileReference; lastKnownFileType = folder.assetcatalog; path = Assets.xcassets; sourceTree = "<group>"; };
		208659D2208FF4FF00D199B0 /* Base */ = {isa = PBXFileReference; lastKnownFileType = file.storyboard; name = Base; path = Base.lproj/LaunchScreen.storyboard; sourceTree = "<group>"; };
		208659D4208FF4FF00D199B0 /* Info.plist */ = {isa = PBXFileReference; lastKnownFileType = text.plist.xml; path = Info.plist; sourceTree = "<group>"; };
		208659D8208FF5EB00D199B0 /* README.md */ = {isa = PBXFileReference; lastKnownFileType = net.daringfireball.markdown; path = README.md; sourceTree = "<group>"; };
		208659D9208FF8FE00D199B0 /* SettingViewController.swift */ = {isa = PBXFileReference; lastKnownFileType = sourcecode.swift; path = SettingViewController.swift; sourceTree = "<group>"; };
		20EEE4AC208EB06C002C7028 /* SampleCamera.app */ = {isa = PBXFileReference; explicitFileType = wrapper.application; includeInIndex = 0; path = SampleCamera.app; sourceTree = BUILT_PRODUCTS_DIR; };
		20EEE4AE208EB06C002C7028 /* AppDelegate.swift */ = {isa = PBXFileReference; lastKnownFileType = sourcecode.swift; path = AppDelegate.swift; sourceTree = "<group>"; };
		20EEE4B0208EB06C002C7028 /* ViewController.swift */ = {isa = PBXFileReference; lastKnownFileType = sourcecode.swift; path = ViewController.swift; sourceTree = "<group>"; };
		20EEE4B3208EB06C002C7028 /* Base */ = {isa = PBXFileReference; lastKnownFileType = file.storyboard; name = Base; path = Base.lproj/Main.storyboard; sourceTree = "<group>"; };
		20EEE4B5208EB06D002C7028 /* Assets.xcassets */ = {isa = PBXFileReference; lastKnownFileType = folder.assetcatalog; path = Assets.xcassets; sourceTree = "<group>"; };
		20EEE4B8208EB06D002C7028 /* Base */ = {isa = PBXFileReference; lastKnownFileType = file.storyboard; name = Base; path = Base.lproj/LaunchScreen.storyboard; sourceTree = "<group>"; };
		20EEE4BA208EB06D002C7028 /* Info.plist */ = {isa = PBXFileReference; lastKnownFileType = text.plist.xml; path = Info.plist; sourceTree = "<group>"; };
		20EEE4BE208EB168002C7028 /* README.md */ = {isa = PBXFileReference; lastKnownFileType = net.daringfireball.markdown; path = README.md; sourceTree = "<group>"; };
/* End PBXFileReference section */

/* Begin PBXFrameworksBuildPhase section */
		20050D72208EA7C200481462 /* Frameworks */ = {
			isa = PBXFrameworksBuildPhase;
			buildActionMask = 2147483647;
			files = (
				20050D89208EA8DF00481462 /* MapKit.framework in Frameworks */,
			);
			runOnlyForDeploymentPostprocessing = 0;
		};
		2012A276208EA4BC00262AAF /* Frameworks */ = {
			isa = PBXFrameworksBuildPhase;
			buildActionMask = 2147483647;
			files = (
			);
			runOnlyForDeploymentPostprocessing = 0;
		};
		205050BA20914D050046914D /* Frameworks */ = {
			isa = PBXFrameworksBuildPhase;
			buildActionMask = 2147483647;
			files = (
			);
			runOnlyForDeploymentPostprocessing = 0;
		};
		208659C3208FF4FE00D199B0 /* Frameworks */ = {
			isa = PBXFrameworksBuildPhase;
			buildActionMask = 2147483647;
			files = (
			);
			runOnlyForDeploymentPostprocessing = 0;
		};
		20EEE4A9208EB06C002C7028 /* Frameworks */ = {
			isa = PBXFrameworksBuildPhase;
			buildActionMask = 2147483647;
			files = (
			);
			runOnlyForDeploymentPostprocessing = 0;
		};
/* End PBXFrameworksBuildPhase section */

/* Begin PBXGroup section */
		20050D76208EA7C200481462 /* SampleMap */ = {
			isa = PBXGroup;
			children = (
				20050D8A208EA8F800481462 /* README.md */,
				20050D77208EA7C200481462 /* AppDelegate.swift */,
				20050D79208EA7C200481462 /* ViewController.swift */,
				20050D7B208EA7C200481462 /* Main.storyboard */,
				20050D7E208EA7C300481462 /* Assets.xcassets */,
				20050D80208EA7C300481462 /* LaunchScreen.storyboard */,
				20050D83208EA7C300481462 /* Info.plist */,
			);
			path = SampleMap;
			sourceTree = "<group>";
		};
		20050D87208EA8DF00481462 /* Frameworks */ = {
			isa = PBXGroup;
			children = (
				20050D88208EA8DF00481462 /* MapKit.framework */,
			);
			name = Frameworks;
			sourceTree = "<group>";
		};
		2012A270208EA4BC00262AAF = {
			isa = PBXGroup;
			children = (
				20050D8B208EA95E00481462 /* .gitignore */,
				2012A27B208EA4BC00262AAF /* escitalopram */,
				20050D76208EA7C200481462 /* SampleMap */,
				20EEE4AD208EB06C002C7028 /* SampleCamera */,
				208659C7208FF4FE00D199B0 /* SampleTimer */,
				205050BE20914D060046914D /* SampleSunriseTimeSearch */,
				2012A27A208EA4BC00262AAF /* Products */,
				20050D87208EA8DF00481462 /* Frameworks */,
			);
			sourceTree = "<group>";
		};
		2012A27A208EA4BC00262AAF /* Products */ = {
			isa = PBXGroup;
			children = (
				2012A279208EA4BC00262AAF /* escitalopram.app */,
				20050D75208EA7C200481462 /* SampleMap.app */,
				20EEE4AC208EB06C002C7028 /* SampleCamera.app */,
				208659C6208FF4FE00D199B0 /* SampleTimer.app */,
				205050BD20914D050046914D /* SampleSunriseTimeSearch.app */,
			);
			name = Products;
			sourceTree = "<group>";
		};
		2012A27B208EA4BC00262AAF /* escitalopram */ = {
			isa = PBXGroup;
			children = (
				2012A27C208EA4BC00262AAF /* AppDelegate.swift */,
				2012A27E208EA4BC00262AAF /* ViewController.swift */,
				2012A280208EA4BC00262AAF /* Main.storyboard */,
				2012A283208EA4BD00262AAF /* Assets.xcassets */,
				2012A285208EA4BD00262AAF /* LaunchScreen.storyboard */,
				2012A288208EA4BD00262AAF /* Info.plist */,
			);
			path = escitalopram;
			sourceTree = "<group>";
		};
		205050BE20914D060046914D /* SampleSunriseTimeSearch */ = {
			isa = PBXGroup;
			children = (
				2025827920915E3B00477B72 /* README.md */,
				205050BF20914D070046914D /* AppDelegate.swift */,
				205050C120914D070046914D /* ViewController.swift */,
				205050C320914D070046914D /* Main.storyboard */,
				205050C620914D350046914D /* Assets.xcassets */,
				205050C820914D350046914D /* LaunchScreen.storyboard */,
				205050CB20914D350046914D /* Info.plist */,
			);
			path = SampleSunriseTimeSearch;
			sourceTree = "<group>";
		};
		208659C7208FF4FE00D199B0 /* SampleTimer */ = {
			isa = PBXGroup;
			children = (
				208659D8208FF5EB00D199B0 /* README.md */,
				208659C8208FF4FE00D199B0 /* AppDelegate.swift */,
				208659CA208FF4FE00D199B0 /* ViewController.swift */,
				208659D9208FF8FE00D199B0 /* SettingViewController.swift */,
				208659CC208FF4FE00D199B0 /* Main.storyboard */,
				208659CF208FF4FF00D199B0 /* Assets.xcassets */,
				208659D1208FF4FF00D199B0 /* LaunchScreen.storyboard */,
				208659D4208FF4FF00D199B0 /* Info.plist */,
			);
			path = SampleTimer;
			sourceTree = "<group>";
		};
		20EEE4AD208EB06C002C7028 /* SampleCamera */ = {
			isa = PBXGroup;
			children = (
				20EEE4BE208EB168002C7028 /* README.md */,
				20EEE4AE208EB06C002C7028 /* AppDelegate.swift */,
				20EEE4B0208EB06C002C7028 /* ViewController.swift */,
				20EEE4B2208EB06C002C7028 /* Main.storyboard */,
				20EEE4B5208EB06D002C7028 /* Assets.xcassets */,
				20EEE4B7208EB06D002C7028 /* LaunchScreen.storyboard */,
				20EEE4BA208EB06D002C7028 /* Info.plist */,
			);
			path = SampleCamera;
			sourceTree = "<group>";
		};
/* End PBXGroup section */

/* Begin PBXNativeTarget section */
		20050D74208EA7C200481462 /* SampleMap */ = {
			isa = PBXNativeTarget;
			buildConfigurationList = 20050D86208EA7C300481462 /* Build configuration list for PBXNativeTarget "SampleMap" */;
			buildPhases = (
				20050D71208EA7C200481462 /* Sources */,
				20050D72208EA7C200481462 /* Frameworks */,
				20050D73208EA7C200481462 /* Resources */,
			);
			buildRules = (
			);
			dependencies = (
			);
			name = SampleMap;
			productName = SampleMap;
			productReference = 20050D75208EA7C200481462 /* SampleMap.app */;
			productType = "com.apple.product-type.application";
		};
		2012A278208EA4BC00262AAF /* escitalopram */ = {
			isa = PBXNativeTarget;
			buildConfigurationList = 2012A28B208EA4BD00262AAF /* Build configuration list for PBXNativeTarget "escitalopram" */;
			buildPhases = (
				2012A275208EA4BC00262AAF /* Sources */,
				2012A276208EA4BC00262AAF /* Frameworks */,
				2012A277208EA4BC00262AAF /* Resources */,
			);
			buildRules = (
			);
			dependencies = (
			);
			name = escitalopram;
			productName = escitalopram;
			productReference = 2012A279208EA4BC00262AAF /* escitalopram.app */;
			productType = "com.apple.product-type.application";
		};
		205050BC20914D050046914D /* SampleSunriseTimeSearch */ = {
			isa = PBXNativeTarget;
			buildConfigurationList = 205050CE20914D360046914D /* Build configuration list for PBXNativeTarget "SampleSunriseTimeSearch" */;
			buildPhases = (
				205050B920914D050046914D /* Sources */,
				205050BA20914D050046914D /* Frameworks */,
				205050BB20914D050046914D /* Resources */,
			);
			buildRules = (
			);
			dependencies = (
			);
			name = SampleSunriseTimeSearch;
			productName = SampleSunriseTimeSearch;
			productReference = 205050BD20914D050046914D /* SampleSunriseTimeSearch.app */;
			productType = "com.apple.product-type.application";
		};
		208659C5208FF4FE00D199B0 /* SampleTimer */ = {
			isa = PBXNativeTarget;
			buildConfigurationList = 208659D7208FF4FF00D199B0 /* Build configuration list for PBXNativeTarget "SampleTimer" */;
			buildPhases = (
				208659C2208FF4FE00D199B0 /* Sources */,
				208659C3208FF4FE00D199B0 /* Frameworks */,
				208659C4208FF4FE00D199B0 /* Resources */,
			);
			buildRules = (
			);
			dependencies = (
			);
			name = SampleTimer;
			productName = SampleTimer;
			productReference = 208659C6208FF4FE00D199B0 /* SampleTimer.app */;
			productType = "com.apple.product-type.application";
		};
		20EEE4AB208EB06C002C7028 /* SampleCamera */ = {
			isa = PBXNativeTarget;
			buildConfigurationList = 20EEE4BD208EB06D002C7028 /* Build configuration list for PBXNativeTarget "SampleCamera" */;
			buildPhases = (
				20EEE4A8208EB06C002C7028 /* Sources */,
				20EEE4A9208EB06C002C7028 /* Frameworks */,
				20EEE4AA208EB06C002C7028 /* Resources */,
			);
			buildRules = (
			);
			dependencies = (
			);
			name = SampleCamera;
			productName = SampleCamera;
			productReference = 20EEE4AC208EB06C002C7028 /* SampleCamera.app */;
			productType = "com.apple.product-type.application";
		};
/* End PBXNativeTarget section */

/* Begin PBXProject section */
		2012A271208EA4BC00262AAF /* Project object */ = {
			isa = PBXProject;
			attributes = {
				LastSwiftUpdateCheck = 0930;
				LastUpgradeCheck = 0930;
				ORGANIZATIONNAME = "Tsukasa Seto";
				TargetAttributes = {
					20050D74208EA7C200481462 = {
						CreatedOnToolsVersion = 9.3;
					};
					2012A278208EA4BC00262AAF = {
						CreatedOnToolsVersion = 9.3;
					};
					205050BC20914D050046914D = {
						CreatedOnToolsVersion = 9.3;
					};
					208659C5208FF4FE00D199B0 = {
						CreatedOnToolsVersion = 9.3;
					};
					20EEE4AB208EB06C002C7028 = {
						CreatedOnToolsVersion = 9.3;
					};
				};
			};
			buildConfigurationList = 2012A274208EA4BC00262AAF /* Build configuration list for PBXProject "escitalopram" */;
			compatibilityVersion = "Xcode 9.3";
			developmentRegion = en;
			hasScannedForEncodings = 0;
			knownRegions = (
				en,
				Base,
			);
			mainGroup = 2012A270208EA4BC00262AAF;
			productRefGroup = 2012A27A208EA4BC00262AAF /* Products */;
			projectDirPath = "";
			projectRoot = "";
			targets = (
				2012A278208EA4BC00262AAF /* escitalopram */,
				20050D74208EA7C200481462 /* SampleMap */,
				20EEE4AB208EB06C002C7028 /* SampleCamera */,
				208659C5208FF4FE00D199B0 /* SampleTimer */,
				205050BC20914D050046914D /* SampleSunriseTimeSearch */,
			);
		};
/* End PBXProject section */

/* Begin PBXResourcesBuildPhase section */
		20050D73208EA7C200481462 /* Resources */ = {
			isa = PBXResourcesBuildPhase;
			buildActionMask = 2147483647;
			files = (
				20050D82208EA7C300481462 /* LaunchScreen.storyboard in Resources */,
				20050D7F208EA7C300481462 /* Assets.xcassets in Resources */,
				20050D7D208EA7C200481462 /* Main.storyboard in Resources */,
			);
			runOnlyForDeploymentPostprocessing = 0;
		};
		2012A277208EA4BC00262AAF /* Resources */ = {
			isa = PBXResourcesBuildPhase;
			buildActionMask = 2147483647;
			files = (
				2012A287208EA4BD00262AAF /* LaunchScreen.storyboard in Resources */,
				2012A284208EA4BD00262AAF /* Assets.xcassets in Resources */,
				2012A282208EA4BC00262AAF /* Main.storyboard in Resources */,
			);
			runOnlyForDeploymentPostprocessing = 0;
		};
		205050BB20914D050046914D /* Resources */ = {
			isa = PBXResourcesBuildPhase;
			buildActionMask = 2147483647;
			files = (
				205050CA20914D350046914D /* LaunchScreen.storyboard in Resources */,
				205050C720914D350046914D /* Assets.xcassets in Resources */,
				205050C520914D070046914D /* Main.storyboard in Resources */,
			);
			runOnlyForDeploymentPostprocessing = 0;
		};
		208659C4208FF4FE00D199B0 /* Resources */ = {
			isa = PBXResourcesBuildPhase;
			buildActionMask = 2147483647;
			files = (
				208659D3208FF4FF00D199B0 /* LaunchScreen.storyboard in Resources */,
				208659D0208FF4FF00D199B0 /* Assets.xcassets in Resources */,
				208659CE208FF4FE00D199B0 /* Main.storyboard in Resources */,
			);
			runOnlyForDeploymentPostprocessing = 0;
		};
		20EEE4AA208EB06C002C7028 /* Resources */ = {
			isa = PBXResourcesBuildPhase;
			buildActionMask = 2147483647;
			files = (
				20EEE4B9208EB06D002C7028 /* LaunchScreen.storyboard in Resources */,
				20EEE4B6208EB06D002C7028 /* Assets.xcassets in Resources */,
				20EEE4B4208EB06C002C7028 /* Main.storyboard in Resources */,
			);
			runOnlyForDeploymentPostprocessing = 0;
		};
/* End PBXResourcesBuildPhase section */

/* Begin PBXSourcesBuildPhase section */
		20050D71208EA7C200481462 /* Sources */ = {
			isa = PBXSourcesBuildPhase;
			buildActionMask = 2147483647;
			files = (
				20050D7A208EA7C200481462 /* ViewController.swift in Sources */,
				20050D78208EA7C200481462 /* AppDelegate.swift in Sources */,
			);
			runOnlyForDeploymentPostprocessing = 0;
		};
		2012A275208EA4BC00262AAF /* Sources */ = {
			isa = PBXSourcesBuildPhase;
			buildActionMask = 2147483647;
			files = (
				2012A27F208EA4BC00262AAF /* ViewController.swift in Sources */,
				2012A27D208EA4BC00262AAF /* AppDelegate.swift in Sources */,
			);
			runOnlyForDeploymentPostprocessing = 0;
		};
		205050B920914D050046914D /* Sources */ = {
			isa = PBXSourcesBuildPhase;
			buildActionMask = 2147483647;
			files = (
				205050C220914D070046914D /* ViewController.swift in Sources */,
				205050C020914D070046914D /* AppDelegate.swift in Sources */,
			);
			runOnlyForDeploymentPostprocessing = 0;
		};
		208659C2208FF4FE00D199B0 /* Sources */ = {
			isa = PBXSourcesBuildPhase;
			buildActionMask = 2147483647;
			files = (
				208659CB208FF4FE00D199B0 /* ViewController.swift in Sources */,
				208659C9208FF4FE00D199B0 /* AppDelegate.swift in Sources */,
				208659DA208FF8FE00D199B0 /* SettingViewController.swift in Sources */,
			);
			runOnlyForDeploymentPostprocessing = 0;
		};
		20EEE4A8208EB06C002C7028 /* Sources */ = {
			isa = PBXSourcesBuildPhase;
			buildActionMask = 2147483647;
			files = (
				20EEE4B1208EB06C002C7028 /* ViewController.swift in Sources */,
				20EEE4AF208EB06C002C7028 /* AppDelegate.swift in Sources */,
			);
			runOnlyForDeploymentPostprocessing = 0;
		};
/* End PBXSourcesBuildPhase section */

/* Begin PBXVariantGroup section */
		20050D7B208EA7C200481462 /* Main.storyboard */ = {
			isa = PBXVariantGroup;
			children = (
				20050D7C208EA7C200481462 /* Base */,
			);
			name = Main.storyboard;
			sourceTree = "<group>";
		};
		20050D80208EA7C300481462 /* LaunchScreen.storyboard */ = {
			isa = PBXVariantGroup;
			children = (
				20050D81208EA7C300481462 /* Base */,
			);
			name = LaunchScreen.storyboard;
			sourceTree = "<group>";
		};
		2012A280208EA4BC00262AAF /* Main.storyboard */ = {
			isa = PBXVariantGroup;
			children = (
				2012A281208EA4BC00262AAF /* Base */,
			);
			name = Main.storyboard;
			sourceTree = "<group>";
		};
		2012A285208EA4BD00262AAF /* LaunchScreen.storyboard */ = {
			isa = PBXVariantGroup;
			children = (
				2012A286208EA4BD00262AAF /* Base */,
			);
			name = LaunchScreen.storyboard;
			sourceTree = "<group>";
		};
		205050C320914D070046914D /* Main.storyboard */ = {
			isa = PBXVariantGroup;
			children = (
				205050C420914D070046914D /* Base */,
			);
			name = Main.storyboard;
			sourceTree = "<group>";
		};
		205050C820914D350046914D /* LaunchScreen.storyboard */ = {
			isa = PBXVariantGroup;
			children = (
				205050C920914D350046914D /* Base */,
			);
			name = LaunchScreen.storyboard;
			sourceTree = "<group>";
		};
		208659CC208FF4FE00D199B0 /* Main.storyboard */ = {
			isa = PBXVariantGroup;
			children = (
				208659CD208FF4FE00D199B0 /* Base */,
			);
			name = Main.storyboard;
			sourceTree = "<group>";
		};
		208659D1208FF4FF00D199B0 /* LaunchScreen.storyboard */ = {
			isa = PBXVariantGroup;
			children = (
				208659D2208FF4FF00D199B0 /* Base */,
			);
			name = LaunchScreen.storyboard;
			sourceTree = "<group>";
		};
		20EEE4B2208EB06C002C7028 /* Main.storyboard */ = {
			isa = PBXVariantGroup;
			children = (
				20EEE4B3208EB06C002C7028 /* Base */,
			);
			name = Main.storyboard;
			sourceTree = "<group>";
		};
		20EEE4B7208EB06D002C7028 /* LaunchScreen.storyboard */ = {
			isa = PBXVariantGroup;
			children = (
				20EEE4B8208EB06D002C7028 /* Base */,
			);
			name = LaunchScreen.storyboard;
			sourceTree = "<group>";
		};
/* End PBXVariantGroup section */

/* Begin XCBuildConfiguration section */
		20050D84208EA7C300481462 /* Debug */ = {
			isa = XCBuildConfiguration;
			buildSettings = {
				ASSETCATALOG_COMPILER_APPICON_NAME = AppIcon;
				CODE_SIGN_STYLE = Automatic;
				DEVELOPMENT_TEAM = GH7U454873;
				INFOPLIST_FILE = SampleMap/Info.plist;
				LD_RUNPATH_SEARCH_PATHS = (
					"$(inherited)",
					"@executable_path/Frameworks",
				);
				PRODUCT_BUNDLE_IDENTIFIER = jp.mycompany.SampleMap;
				PRODUCT_NAME = "$(TARGET_NAME)";
				SWIFT_VERSION = 4.0;
				TARGETED_DEVICE_FAMILY = "1,2";
			};
			name = Debug;
		};
		20050D85208EA7C300481462 /* Release */ = {
			isa = XCBuildConfiguration;
			buildSettings = {
				ASSETCATALOG_COMPILER_APPICON_NAME = AppIcon;
				CODE_SIGN_STYLE = Automatic;
				DEVELOPMENT_TEAM = GH7U454873;
				INFOPLIST_FILE = SampleMap/Info.plist;
				LD_RUNPATH_SEARCH_PATHS = (
					"$(inherited)",
					"@executable_path/Frameworks",
				);
				PRODUCT_BUNDLE_IDENTIFIER = jp.mycompany.SampleMap;
				PRODUCT_NAME = "$(TARGET_NAME)";
				SWIFT_VERSION = 4.0;
				TARGETED_DEVICE_FAMILY = "1,2";
			};
			name = Release;
		};
		2012A289208EA4BD00262AAF /* Debug */ = {
			isa = XCBuildConfiguration;
			buildSettings = {
				ALWAYS_SEARCH_USER_PATHS = NO;
				CLANG_ANALYZER_NONNULL = YES;
				CLANG_ANALYZER_NUMBER_OBJECT_CONVERSION = YES_AGGRESSIVE;
				CLANG_CXX_LANGUAGE_STANDARD = "gnu++14";
				CLANG_CXX_LIBRARY = "libc++";
				CLANG_ENABLE_MODULES = YES;
				CLANG_ENABLE_OBJC_ARC = YES;
				CLANG_ENABLE_OBJC_WEAK = YES;
				CLANG_WARN_BLOCK_CAPTURE_AUTORELEASING = YES;
				CLANG_WARN_BOOL_CONVERSION = YES;
				CLANG_WARN_COMMA = YES;
				CLANG_WARN_CONSTANT_CONVERSION = YES;
				CLANG_WARN_DEPRECATED_OBJC_IMPLEMENTATIONS = YES;
				CLANG_WARN_DIRECT_OBJC_ISA_USAGE = YES_ERROR;
				CLANG_WARN_DOCUMENTATION_COMMENTS = YES;
				CLANG_WARN_EMPTY_BODY = YES;
				CLANG_WARN_ENUM_CONVERSION = YES;
				CLANG_WARN_INFINITE_RECURSION = YES;
				CLANG_WARN_INT_CONVERSION = YES;
				CLANG_WARN_NON_LITERAL_NULL_CONVERSION = YES;
				CLANG_WARN_OBJC_IMPLICIT_RETAIN_SELF = YES;
				CLANG_WARN_OBJC_LITERAL_CONVERSION = YES;
				CLANG_WARN_OBJC_ROOT_CLASS = YES_ERROR;
				CLANG_WARN_RANGE_LOOP_ANALYSIS = YES;
				CLANG_WARN_STRICT_PROTOTYPES = YES;
				CLANG_WARN_SUSPICIOUS_MOVE = YES;
				CLANG_WARN_UNGUARDED_AVAILABILITY = YES_AGGRESSIVE;
				CLANG_WARN_UNREACHABLE_CODE = YES;
				CLANG_WARN__DUPLICATE_METHOD_MATCH = YES;
				CODE_SIGN_IDENTITY = "iPhone Developer";
				COPY_PHASE_STRIP = NO;
				DEBUG_INFORMATION_FORMAT = dwarf;
				ENABLE_STRICT_OBJC_MSGSEND = YES;
				ENABLE_TESTABILITY = YES;
				GCC_C_LANGUAGE_STANDARD = gnu11;
				GCC_DYNAMIC_NO_PIC = NO;
				GCC_NO_COMMON_BLOCKS = YES;
				GCC_OPTIMIZATION_LEVEL = 0;
				GCC_PREPROCESSOR_DEFINITIONS = (
					"DEBUG=1",
					"$(inherited)",
				);
				GCC_WARN_64_TO_32_BIT_CONVERSION = YES;
				GCC_WARN_ABOUT_RETURN_TYPE = YES_ERROR;
				GCC_WARN_UNDECLARED_SELECTOR = YES;
				GCC_WARN_UNINITIALIZED_AUTOS = YES_AGGRESSIVE;
				GCC_WARN_UNUSED_FUNCTION = YES;
				GCC_WARN_UNUSED_VARIABLE = YES;
				IPHONEOS_DEPLOYMENT_TARGET = 11.3;
				MTL_ENABLE_DEBUG_INFO = YES;
				ONLY_ACTIVE_ARCH = YES;
				SDKROOT = iphoneos;
				SWIFT_ACTIVE_COMPILATION_CONDITIONS = DEBUG;
				SWIFT_OPTIMIZATION_LEVEL = "-Onone";
			};
			name = Debug;
		};
		2012A28A208EA4BD00262AAF /* Release */ = {
			isa = XCBuildConfiguration;
			buildSettings = {
				ALWAYS_SEARCH_USER_PATHS = NO;
				CLANG_ANALYZER_NONNULL = YES;
				CLANG_ANALYZER_NUMBER_OBJECT_CONVERSION = YES_AGGRESSIVE;
				CLANG_CXX_LANGUAGE_STANDARD = "gnu++14";
				CLANG_CXX_LIBRARY = "libc++";
				CLANG_ENABLE_MODULES = YES;
				CLANG_ENABLE_OBJC_ARC = YES;
				CLANG_ENABLE_OBJC_WEAK = YES;
				CLANG_WARN_BLOCK_CAPTURE_AUTORELEASING = YES;
				CLANG_WARN_BOOL_CONVERSION = YES;
				CLANG_WARN_COMMA = YES;
				CLANG_WARN_CONSTANT_CONVERSION = YES;
				CLANG_WARN_DEPRECATED_OBJC_IMPLEMENTATIONS = YES;
				CLANG_WARN_DIRECT_OBJC_ISA_USAGE = YES_ERROR;
				CLANG_WARN_DOCUMENTATION_COMMENTS = YES;
				CLANG_WARN_EMPTY_BODY = YES;
				CLANG_WARN_ENUM_CONVERSION = YES;
				CLANG_WARN_INFINITE_RECURSION = YES;
				CLANG_WARN_INT_CONVERSION = YES;
				CLANG_WARN_NON_LITERAL_NULL_CONVERSION = YES;
				CLANG_WARN_OBJC_IMPLICIT_RETAIN_SELF = YES;
				CLANG_WARN_OBJC_LITERAL_CONVERSION = YES;
				CLANG_WARN_OBJC_ROOT_CLASS = YES_ERROR;
				CLANG_WARN_RANGE_LOOP_ANALYSIS = YES;
				CLANG_WARN_STRICT_PROTOTYPES = YES;
				CLANG_WARN_SUSPICIOUS_MOVE = YES;
				CLANG_WARN_UNGUARDED_AVAILABILITY = YES_AGGRESSIVE;
				CLANG_WARN_UNREACHABLE_CODE = YES;
				CLANG_WARN__DUPLICATE_METHOD_MATCH = YES;
				CODE_SIGN_IDENTITY = "iPhone Developer";
				COPY_PHASE_STRIP = NO;
				DEBUG_INFORMATION_FORMAT = "dwarf-with-dsym";
				ENABLE_NS_ASSERTIONS = NO;
				ENABLE_STRICT_OBJC_MSGSEND = YES;
				GCC_C_LANGUAGE_STANDARD = gnu11;
				GCC_NO_COMMON_BLOCKS = YES;
				GCC_WARN_64_TO_32_BIT_CONVERSION = YES;
				GCC_WARN_ABOUT_RETURN_TYPE = YES_ERROR;
				GCC_WARN_UNDECLARED_SELECTOR = YES;
				GCC_WARN_UNINITIALIZED_AUTOS = YES_AGGRESSIVE;
				GCC_WARN_UNUSED_FUNCTION = YES;
				GCC_WARN_UNUSED_VARIABLE = YES;
				IPHONEOS_DEPLOYMENT_TARGET = 11.3;
				MTL_ENABLE_DEBUG_INFO = NO;
				SDKROOT = iphoneos;
				SWIFT_COMPILATION_MODE = wholemodule;
				SWIFT_OPTIMIZATION_LEVEL = "-O";
				VALIDATE_PRODUCT = YES;
			};
			name = Release;
		};
		2012A28C208EA4BD00262AAF /* Debug */ = {
			isa = XCBuildConfiguration;
			buildSettings = {
				ASSETCATALOG_COMPILER_APPICON_NAME = AppIcon;
				CODE_SIGN_STYLE = Automatic;
				DEVELOPMENT_TEAM = GH7U454873;
				INFOPLIST_FILE = escitalopram/Info.plist;
				LD_RUNPATH_SEARCH_PATHS = (
					"$(inherited)",
					"@executable_path/Frameworks",
				);
				PRODUCT_BUNDLE_IDENTIFIER = jp.mycompany.escitalopram;
				PRODUCT_NAME = "$(TARGET_NAME)";
				SWIFT_VERSION = 4.0;
				TARGETED_DEVICE_FAMILY = "1,2";
			};
			name = Debug;
		};
		2012A28D208EA4BD00262AAF /* Release */ = {
			isa = XCBuildConfiguration;
			buildSettings = {
				ASSETCATALOG_COMPILER_APPICON_NAME = AppIcon;
				CODE_SIGN_STYLE = Automatic;
				DEVELOPMENT_TEAM = GH7U454873;
				INFOPLIST_FILE = escitalopram/Info.plist;
				LD_RUNPATH_SEARCH_PATHS = (
					"$(inherited)",
					"@executable_path/Frameworks",
				);
				PRODUCT_BUNDLE_IDENTIFIER = jp.mycompany.escitalopram;
				PRODUCT_NAME = "$(TARGET_NAME)";
				SWIFT_VERSION = 4.0;
				TARGETED_DEVICE_FAMILY = "1,2";
			};
			name = Release;
		};
		205050CC20914D360046914D /* Debug */ = {
			isa = XCBuildConfiguration;
			buildSettings = {
				ASSETCATALOG_COMPILER_APPICON_NAME = AppIcon;
				CODE_SIGN_STYLE = Automatic;
				DEVELOPMENT_TEAM = GH7U454873;
				INFOPLIST_FILE = SampleSunriseTimeSearch/Info.plist;
				LD_RUNPATH_SEARCH_PATHS = (
					"$(inherited)",
					"@executable_path/Frameworks",
				);
				PRODUCT_BUNDLE_IDENTIFIER = jp.mycompany.SampleSunriseTimeSearch;
				PRODUCT_NAME = "$(TARGET_NAME)";
				SWIFT_VERSION = 4.0;
				TARGETED_DEVICE_FAMILY = "1,2";
			};
			name = Debug;
		};
		205050CD20914D360046914D /* Release */ = {
			isa = XCBuildConfiguration;
			buildSettings = {
				ASSETCATALOG_COMPILER_APPICON_NAME = AppIcon;
				CODE_SIGN_STYLE = Automatic;
				DEVELOPMENT_TEAM = GH7U454873;
				INFOPLIST_FILE = SampleSunriseTimeSearch/Info.plist;
				LD_RUNPATH_SEARCH_PATHS = (
					"$(inherited)",
					"@executable_path/Frameworks",
				);
				PRODUCT_BUNDLE_IDENTIFIER = jp.mycompany.SampleSunriseTimeSearch;
				PRODUCT_NAME = "$(TARGET_NAME)";
				SWIFT_VERSION = 4.0;
				TARGETED_DEVICE_FAMILY = "1,2";
			};
			name = Release;
		};
		208659D5208FF4FF00D199B0 /* Debug */ = {
			isa = XCBuildConfiguration;
			buildSettings = {
				ASSETCATALOG_COMPILER_APPICON_NAME = AppIcon;
				CODE_SIGN_STYLE = Automatic;
				DEVELOPMENT_TEAM = GH7U454873;
				INFOPLIST_FILE = SampleTimer/Info.plist;
				LD_RUNPATH_SEARCH_PATHS = (
					"$(inherited)",
					"@executable_path/Frameworks",
				);
				PRODUCT_BUNDLE_IDENTIFIER = jp.mycompany.SampleTimer;
				PRODUCT_NAME = "$(TARGET_NAME)";
				SWIFT_VERSION = 4.0;
				TARGETED_DEVICE_FAMILY = "1,2";
			};
			name = Debug;
		};
		208659D6208FF4FF00D199B0 /* Release */ = {
			isa = XCBuildConfiguration;
			buildSettings = {
				ASSETCATALOG_COMPILER_APPICON_NAME = AppIcon;
				CODE_SIGN_STYLE = Automatic;
				DEVELOPMENT_TEAM = GH7U454873;
				INFOPLIST_FILE = SampleTimer/Info.plist;
				LD_RUNPATH_SEARCH_PATHS = (
					"$(inherited)",
					"@executable_path/Frameworks",
				);
				PRODUCT_BUNDLE_IDENTIFIER = jp.mycompany.SampleTimer;
				PRODUCT_NAME = "$(TARGET_NAME)";
				SWIFT_VERSION = 4.0;
				TARGETED_DEVICE_FAMILY = "1,2";
			};
			name = Release;
		};
		20EEE4BB208EB06D002C7028 /* Debug */ = {
			isa = XCBuildConfiguration;
			buildSettings = {
				ASSETCATALOG_COMPILER_APPICON_NAME = AppIcon;
				CODE_SIGN_STYLE = Automatic;
				DEVELOPMENT_TEAM = GH7U454873;
				INFOPLIST_FILE = SampleCamera/Info.plist;
				LD_RUNPATH_SEARCH_PATHS = (
					"$(inherited)",
					"@executable_path/Frameworks",
				);
				PRODUCT_BUNDLE_IDENTIFIER = jp.mycompany.SampleCamera;
				PRODUCT_NAME = "$(TARGET_NAME)";
				SWIFT_VERSION = 4.0;
				TARGETED_DEVICE_FAMILY = "1,2";
			};
			name = Debug;
		};
		20EEE4BC208EB06D002C7028 /* Release */ = {
			isa = XCBuildConfiguration;
			buildSettings = {
				ASSETCATALOG_COMPILER_APPICON_NAME = AppIcon;
				CODE_SIGN_STYLE = Automatic;
				DEVELOPMENT_TEAM = GH7U454873;
				INFOPLIST_FILE = SampleCamera/Info.plist;
				LD_RUNPATH_SEARCH_PATHS = (
					"$(inherited)",
					"@executable_path/Frameworks",
				);
				PRODUCT_BUNDLE_IDENTIFIER = jp.mycompany.SampleCamera;
				PRODUCT_NAME = "$(TARGET_NAME)";
				SWIFT_VERSION = 4.0;
				TARGETED_DEVICE_FAMILY = "1,2";
			};
			name = Release;
		};
/* End XCBuildConfiguration section */

/* Begin XCConfigurationList section */
		20050D86208EA7C300481462 /* Build configuration list for PBXNativeTarget "SampleMap" */ = {
			isa = XCConfigurationList;
			buildConfigurations = (
				20050D84208EA7C300481462 /* Debug */,
				20050D85208EA7C300481462 /* Release */,
			);
			defaultConfigurationIsVisible = 0;
			defaultConfigurationName = Release;
		};
		2012A274208EA4BC00262AAF /* Build configuration list for PBXProject "escitalopram" */ = {
			isa = XCConfigurationList;
			buildConfigurations = (
				2012A289208EA4BD00262AAF /* Debug */,
				2012A28A208EA4BD00262AAF /* Release */,
			);
			defaultConfigurationIsVisible = 0;
			defaultConfigurationName = Release;
		};
		2012A28B208EA4BD00262AAF /* Build configuration list for PBXNativeTarget "escitalopram" */ = {
			isa = XCConfigurationList;
			buildConfigurations = (
				2012A28C208EA4BD00262AAF /* Debug */,
				2012A28D208EA4BD00262AAF /* Release */,
			);
			defaultConfigurationIsVisible = 0;
			defaultConfigurationName = Release;
		};
		205050CE20914D360046914D /* Build configuration list for PBXNativeTarget "SampleSunriseTimeSearch" */ = {
			isa = XCConfigurationList;
			buildConfigurations = (
				205050CC20914D360046914D /* Debug */,
				205050CD20914D360046914D /* Release */,
			);
			defaultConfigurationIsVisible = 0;
			defaultConfigurationName = Release;
		};
		208659D7208FF4FF00D199B0 /* Build configuration list for PBXNativeTarget "SampleTimer" */ = {
			isa = XCConfigurationList;
			buildConfigurations = (
				208659D5208FF4FF00D199B0 /* Debug */,
				208659D6208FF4FF00D199B0 /* Release */,
			);
			defaultConfigurationIsVisible = 0;
			defaultConfigurationName = Release;
		};
		20EEE4BD208EB06D002C7028 /* Build configuration list for PBXNativeTarget "SampleCamera" */ = {
			isa = XCConfigurationList;
			buildConfigurations = (
				20EEE4BB208EB06D002C7028 /* Debug */,
				20EEE4BC208EB06D002C7028 /* Release */,
			);
			defaultConfigurationIsVisible = 0;
			defaultConfigurationName = Release;
		};
/* End XCConfigurationList section */
	};
	rootObject = 2012A271208EA4BC00262AAF /* Project object */;
}
